// !$*UTF8*$!
{
	archiveVersion = 1;
	classes = {
	};
	objectVersion = 56;
	objects = {

/* Begin PBXBuildFile section */
		94A0A8DF2C70871C00C8CA5A /* HikeAppApp.swift in Sources */ = {isa = PBXBuildFile; fileRef = 94A0A8DE2C70871C00C8CA5A /* HikeAppApp.swift */; };
		94A0A8E12C70871C00C8CA5A /* ContentView.swift in Sources */ = {isa = PBXBuildFile; fileRef = 94A0A8E02C70871C00C8CA5A /* ContentView.swift */; };
		94A0A8E32C70871D00C8CA5A /* Assets.xcassets in Resources */ = {isa = PBXBuildFile; fileRef = 94A0A8E22C70871D00C8CA5A /* Assets.xcassets */; };
		94A0A8E72C70871D00C8CA5A /* Preview Assets.xcassets in Resources */ = {isa = PBXBuildFile; fileRef = 94A0A8E62C70871D00C8CA5A /* Preview Assets.xcassets */; };
		94A0A8F12C70871D00C8CA5A /* HikeAppTests.swift in Sources */ = {isa = PBXBuildFile; fileRef = 94A0A8F02C70871D00C8CA5A /* HikeAppTests.swift */; };
		94A0A8FB2C70871D00C8CA5A /* HikeAppUITests.swift in Sources */ = {isa = PBXBuildFile; fileRef = 94A0A8FA2C70871D00C8CA5A /* HikeAppUITests.swift */; };
		94A0A8FD2C70871D00C8CA5A /* HikeAppUITestsLaunchTests.swift in Sources */ = {isa = PBXBuildFile; fileRef = 94A0A8FC2C70871D00C8CA5A /* HikeAppUITestsLaunchTests.swift */; };
		94A0A90A2C708A7B00C8CA5A /* CardView.swift in Sources */ = {isa = PBXBuildFile; fileRef = 94A0A9092C708A7B00C8CA5A /* CardView.swift */; };
		94A0A9102C708B7300C8CA5A /* CustomBackgroundView.swift in Sources */ = {isa = PBXBuildFile; fileRef = 94A0A90F2C708B7300C8CA5A /* CustomBackgroundView.swift */; };
		94A0A9132C70916200C8CA5A /* ColorExtension.swift in Sources */ = {isa = PBXBuildFile; fileRef = 94A0A9122C70916200C8CA5A /* ColorExtension.swift */; };
		94A0A9152C7096AA00C8CA5A /* CustomButtonView.swift in Sources */ = {isa = PBXBuildFile; fileRef = 94A0A9142C7096AA00C8CA5A /* CustomButtonView.swift */; };
		94A0A9172C7096EA00C8CA5A /* SettingsView.swift in Sources */ = {isa = PBXBuildFile; fileRef = 94A0A9162C7096EA00C8CA5A /* SettingsView.swift */; };
		94A0A9192C70988600C8CA5A /* GradientButtonStyle.swift in Sources */ = {isa = PBXBuildFile; fileRef = 94A0A9182C70988600C8CA5A /* GradientButtonStyle.swift */; };
		94A0A91B2C709B1000C8CA5A /* CustomCircleView.swift in Sources */ = {isa = PBXBuildFile; fileRef = 94A0A91A2C709B1000C8CA5A /* CustomCircleView.swift */; };
		94A0A91D2C709C3B00C8CA5A /* MotionAnimationView.swift in Sources */ = {isa = PBXBuildFile; fileRef = 94A0A91C2C709C3B00C8CA5A /* MotionAnimationView.swift */; };
		94A0A91F2C709FD000C8CA5A /* CustomListRowView.swift in Sources */ = {isa = PBXBuildFile; fileRef = 94A0A91E2C709FD000C8CA5A /* CustomListRowView.swift */; };
/* End PBXBuildFile section */

/* Begin PBXContainerItemProxy section */
		94A0A8ED2C70871D00C8CA5A /* PBXContainerItemProxy */ = {
			isa = PBXContainerItemProxy;
			containerPortal = 94A0A8D32C70871C00C8CA5A /* Project object */;
			proxyType = 1;
			remoteGlobalIDString = 94A0A8DA2C70871C00C8CA5A;
			remoteInfo = HikeApp;
		};
		94A0A8F72C70871D00C8CA5A /* PBXContainerItemProxy */ = {
			isa = PBXContainerItemProxy;
			containerPortal = 94A0A8D32C70871C00C8CA5A /* Project object */;
			proxyType = 1;
			remoteGlobalIDString = 94A0A8DA2C70871C00C8CA5A;
			remoteInfo = HikeApp;
		};
/* End PBXContainerItemProxy section */

/* Begin PBXFileReference section */
		94A0A8DB2C70871C00C8CA5A /* HikeApp.app */ = {isa = PBXFileReference; explicitFileType = wrapper.application; includeInIndex = 0; path = HikeApp.app; sourceTree = BUILT_PRODUCTS_DIR; };
		94A0A8DE2C70871C00C8CA5A /* HikeAppApp.swift */ = {isa = PBXFileReference; lastKnownFileType = sourcecode.swift; path = HikeAppApp.swift; sourceTree = "<group>"; };
		94A0A8E02C70871C00C8CA5A /* ContentView.swift */ = {isa = PBXFileReference; lastKnownFileType = sourcecode.swift; path = ContentView.swift; sourceTree = "<group>"; };
		94A0A8E22C70871D00C8CA5A /* Assets.xcassets */ = {isa = PBXFileReference; lastKnownFileType = folder.assetcatalog; path = Assets.xcassets; sourceTree = "<group>"; };
		94A0A8E42C70871D00C8CA5A /* HikeApp.entitlements */ = {isa = PBXFileReference; lastKnownFileType = text.plist.entitlements; path = HikeApp.entitlements; sourceTree = "<group>"; };
		94A0A8E62C70871D00C8CA5A /* Preview Assets.xcassets */ = {isa = PBXFileReference; lastKnownFileType = folder.assetcatalog; path = "Preview Assets.xcassets"; sourceTree = "<group>"; };
		94A0A8EC2C70871D00C8CA5A /* HikeAppTests.xctest */ = {isa = PBXFileReference; explicitFileType = wrapper.cfbundle; includeInIndex = 0; path = HikeAppTests.xctest; sourceTree = BUILT_PRODUCTS_DIR; };
		94A0A8F02C70871D00C8CA5A /* HikeAppTests.swift */ = {isa = PBXFileReference; lastKnownFileType = sourcecode.swift; path = HikeAppTests.swift; sourceTree = "<group>"; };
		94A0A8F62C70871D00C8CA5A /* HikeAppUITests.xctest */ = {isa = PBXFileReference; explicitFileType = wrapper.cfbundle; includeInIndex = 0; path = HikeAppUITests.xctest; sourceTree = BUILT_PRODUCTS_DIR; };
		94A0A8FA2C70871D00C8CA5A /* HikeAppUITests.swift */ = {isa = PBXFileReference; lastKnownFileType = sourcecode.swift; path = HikeAppUITests.swift; sourceTree = "<group>"; };
		94A0A8FC2C70871D00C8CA5A /* HikeAppUITestsLaunchTests.swift */ = {isa = PBXFileReference; lastKnownFileType = sourcecode.swift; path = HikeAppUITestsLaunchTests.swift; sourceTree = "<group>"; };
		94A0A9092C708A7B00C8CA5A /* CardView.swift */ = {isa = PBXFileReference; lastKnownFileType = sourcecode.swift; path = CardView.swift; sourceTree = "<group>"; };
		94A0A90F2C708B7300C8CA5A /* CustomBackgroundView.swift */ = {isa = PBXFileReference; lastKnownFileType = sourcecode.swift; path = CustomBackgroundView.swift; sourceTree = "<group>"; };
		94A0A9122C70916200C8CA5A /* ColorExtension.swift */ = {isa = PBXFileReference; lastKnownFileType = sourcecode.swift; path = ColorExtension.swift; sourceTree = "<group>"; };
		94A0A9142C7096AA00C8CA5A /* CustomButtonView.swift */ = {isa = PBXFileReference; lastKnownFileType = sourcecode.swift; path = CustomButtonView.swift; sourceTree = "<group>"; };
		94A0A9162C7096EA00C8CA5A /* SettingsView.swift */ = {isa = PBXFileReference; lastKnownFileType = sourcecode.swift; path = SettingsView.swift; sourceTree = "<group>"; };
		94A0A9182C70988600C8CA5A /* GradientButtonStyle.swift */ = {isa = PBXFileReference; lastKnownFileType = sourcecode.swift; path = GradientButtonStyle.swift; sourceTree = "<group>"; };
		94A0A91A2C709B1000C8CA5A /* CustomCircleView.swift */ = {isa = PBXFileReference; lastKnownFileType = sourcecode.swift; path = CustomCircleView.swift; sourceTree = "<group>"; };
		94A0A91C2C709C3B00C8CA5A /* MotionAnimationView.swift */ = {isa = PBXFileReference; lastKnownFileType = sourcecode.swift; path = MotionAnimationView.swift; sourceTree = "<group>"; };
		94A0A91E2C709FD000C8CA5A /* CustomListRowView.swift */ = {isa = PBXFileReference; lastKnownFileType = sourcecode.swift; path = CustomListRowView.swift; sourceTree = "<group>"; };
/* End PBXFileReference section */

/* Begin PBXFrameworksBuildPhase section */
		94A0A8D82C70871C00C8CA5A /* Frameworks */ = {
			isa = PBXFrameworksBuildPhase;
			buildActionMask = 2147483647;
			files = (
			);
			runOnlyForDeploymentPostprocessing = 0;
		};
		94A0A8E92C70871D00C8CA5A /* Frameworks */ = {
			isa = PBXFrameworksBuildPhase;
			buildActionMask = 2147483647;
			files = (
			);
			runOnlyForDeploymentPostprocessing = 0;
		};
		94A0A8F32C70871D00C8CA5A /* Frameworks */ = {
			isa = PBXFrameworksBuildPhase;
			buildActionMask = 2147483647;
			files = (
			);
			runOnlyForDeploymentPostprocessing = 0;
		};
/* End PBXFrameworksBuildPhase section */

/* Begin PBXGroup section */
		94A0A8D22C70871C00C8CA5A = {
			isa = PBXGroup;
			children = (
				94A0A8DD2C70871C00C8CA5A /* HikeApp */,
				94A0A8EF2C70871D00C8CA5A /* HikeAppTests */,
				94A0A8F92C70871D00C8CA5A /* HikeAppUITests */,
				94A0A8DC2C70871C00C8CA5A /* Products */,
			);
			sourceTree = "<group>";
		};
		94A0A8DC2C70871C00C8CA5A /* Products */ = {
			isa = PBXGroup;
			children = (
				94A0A8DB2C70871C00C8CA5A /* HikeApp.app */,
				94A0A8EC2C70871D00C8CA5A /* HikeAppTests.xctest */,
				94A0A8F62C70871D00C8CA5A /* HikeAppUITests.xctest */,
			);
			name = Products;
			sourceTree = "<group>";
		};
		94A0A8DD2C70871C00C8CA5A /* HikeApp */ = {
			isa = PBXGroup;
			children = (
				94A0A9112C70915400C8CA5A /* Utility */,
				94A0A8DE2C70871C00C8CA5A /* HikeAppApp.swift */,
				94A0A8E02C70871C00C8CA5A /* ContentView.swift */,
				94A0A9162C7096EA00C8CA5A /* SettingsView.swift */,
				94A0A90B2C708B2E00C8CA5A /* Component */,
				94A0A8E22C70871D00C8CA5A /* Assets.xcassets */,
				94A0A8E42C70871D00C8CA5A /* HikeApp.entitlements */,
				94A0A8E52C70871D00C8CA5A /* Preview Content */,
			);
			path = HikeApp;
			sourceTree = "<group>";
		};
		94A0A8E52C70871D00C8CA5A /* Preview Content */ = {
			isa = PBXGroup;
			children = (
				94A0A8E62C70871D00C8CA5A /* Preview Assets.xcassets */,
			);
			path = "Preview Content";
			sourceTree = "<group>";
		};
		94A0A8EF2C70871D00C8CA5A /* HikeAppTests */ = {
			isa = PBXGroup;
			children = (
				94A0A8F02C70871D00C8CA5A /* HikeAppTests.swift */,
			);
			path = HikeAppTests;
			sourceTree = "<group>";
		};
		94A0A8F92C70871D00C8CA5A /* HikeAppUITests */ = {
			isa = PBXGroup;
			children = (
				94A0A8FA2C70871D00C8CA5A /* HikeAppUITests.swift */,
				94A0A8FC2C70871D00C8CA5A /* HikeAppUITestsLaunchTests.swift */,
			);
			path = HikeAppUITests;
			sourceTree = "<group>";
		};
		94A0A90B2C708B2E00C8CA5A /* Component */ = {
			isa = PBXGroup;
			children = (
				94A0A9092C708A7B00C8CA5A /* CardView.swift */,
				94A0A90F2C708B7300C8CA5A /* CustomBackgroundView.swift */,
				94A0A91E2C709FD000C8CA5A /* CustomListRowView.swift */,
				94A0A91C2C709C3B00C8CA5A /* MotionAnimationView.swift */,
				94A0A9142C7096AA00C8CA5A /* CustomButtonView.swift */,
				94A0A91A2C709B1000C8CA5A /* CustomCircleView.swift */,
			);
			path = Component;
			sourceTree = "<group>";
		};
		94A0A9112C70915400C8CA5A /* Utility */ = {
			isa = PBXGroup;
			children = (
				94A0A9122C70916200C8CA5A /* ColorExtension.swift */,
				94A0A9182C70988600C8CA5A /* GradientButtonStyle.swift */,
			);
			path = Utility;
			sourceTree = "<group>";
		};
/* End PBXGroup section */

/* Begin PBXNativeTarget section */
		94A0A8DA2C70871C00C8CA5A /* HikeApp */ = {
			isa = PBXNativeTarget;
			buildConfigurationList = 94A0A9002C70871D00C8CA5A /* Build configuration list for PBXNativeTarget "HikeApp" */;
			buildPhases = (
				94A0A8D72C70871C00C8CA5A /* Sources */,
				94A0A8D82C70871C00C8CA5A /* Frameworks */,
				94A0A8D92C70871C00C8CA5A /* Resources */,
			);
			buildRules = (
			);
			dependencies = (
			);
			name = HikeApp;
			productName = HikeApp;
			productReference = 94A0A8DB2C70871C00C8CA5A /* HikeApp.app */;
			productType = "com.apple.product-type.application";
		};
		94A0A8EB2C70871D00C8CA5A /* HikeAppTests */ = {
			isa = PBXNativeTarget;
			buildConfigurationList = 94A0A9032C70871D00C8CA5A /* Build configuration list for PBXNativeTarget "HikeAppTests" */;
			buildPhases = (
				94A0A8E82C70871D00C8CA5A /* Sources */,
				94A0A8E92C70871D00C8CA5A /* Frameworks */,
				94A0A8EA2C70871D00C8CA5A /* Resources */,
			);
			buildRules = (
			);
			dependencies = (
				94A0A8EE2C70871D00C8CA5A /* PBXTargetDependency */,
			);
			name = HikeAppTests;
			productName = HikeAppTests;
			productReference = 94A0A8EC2C70871D00C8CA5A /* HikeAppTests.xctest */;
			productType = "com.apple.product-type.bundle.unit-test";
		};
		94A0A8F52C70871D00C8CA5A /* HikeAppUITests */ = {
			isa = PBXNativeTarget;
			buildConfigurationList = 94A0A9062C70871D00C8CA5A /* Build configuration list for PBXNativeTarget "HikeAppUITests" */;
			buildPhases = (
				94A0A8F22C70871D00C8CA5A /* Sources */,
				94A0A8F32C70871D00C8CA5A /* Frameworks */,
				94A0A8F42C70871D00C8CA5A /* Resources */,
			);
			buildRules = (
			);
			dependencies = (
				94A0A8F82C70871D00C8CA5A /* PBXTargetDependency */,
			);
			name = HikeAppUITests;
			productName = HikeAppUITests;
			productReference = 94A0A8F62C70871D00C8CA5A /* HikeAppUITests.xctest */;
			productType = "com.apple.product-type.bundle.ui-testing";
		};
/* End PBXNativeTarget section */

/* Begin PBXProject section */
		94A0A8D32C70871C00C8CA5A /* Project object */ = {
			isa = PBXProject;
			attributes = {
				BuildIndependentTargetsInParallel = 1;
				LastSwiftUpdateCheck = 1540;
				LastUpgradeCheck = 1540;
				TargetAttributes = {
					94A0A8DA2C70871C00C8CA5A = {
						CreatedOnToolsVersion = 15.4;
					};
					94A0A8EB2C70871D00C8CA5A = {
						CreatedOnToolsVersion = 15.4;
						TestTargetID = 94A0A8DA2C70871C00C8CA5A;
					};
					94A0A8F52C70871D00C8CA5A = {
						CreatedOnToolsVersion = 15.4;
						TestTargetID = 94A0A8DA2C70871C00C8CA5A;
					};
				};
			};
			buildConfigurationList = 94A0A8D62C70871C00C8CA5A /* Build configuration list for PBXProject "HikeApp" */;
			compatibilityVersion = "Xcode 14.0";
			developmentRegion = en;
			hasScannedForEncodings = 0;
			knownRegions = (
				en,
				Base,
			);
			mainGroup = 94A0A8D22C70871C00C8CA5A;
			productRefGroup = 94A0A8DC2C70871C00C8CA5A /* Products */;
			projectDirPath = "";
			projectRoot = "";
			targets = (
				94A0A8DA2C70871C00C8CA5A /* HikeApp */,
				94A0A8EB2C70871D00C8CA5A /* HikeAppTests */,
				94A0A8F52C70871D00C8CA5A /* HikeAppUITests */,
			);
		};
/* End PBXProject section */

/* Begin PBXResourcesBuildPhase section */
		94A0A8D92C70871C00C8CA5A /* Resources */ = {
			isa = PBXResourcesBuildPhase;
			buildActionMask = 2147483647;
			files = (
				94A0A8E72C70871D00C8CA5A /* Preview Assets.xcassets in Resources */,
				94A0A8E32C70871D00C8CA5A /* Assets.xcassets in Resources */,
			);
			runOnlyForDeploymentPostprocessing = 0;
		};
		94A0A8EA2C70871D00C8CA5A /* Resources */ = {
			isa = PBXResourcesBuildPhase;
			buildActionMask = 2147483647;
			files = (
			);
			runOnlyForDeploymentPostprocessing = 0;
		};
		94A0A8F42C70871D00C8CA5A /* Resources */ = {
			isa = PBXResourcesBuildPhase;
			buildActionMask = 2147483647;
			files = (
			);
			runOnlyForDeploymentPostprocessing = 0;
		};
/* End PBXResourcesBuildPhase section */

/* Begin PBXSourcesBuildPhase section */
		94A0A8D72C70871C00C8CA5A /* Sources */ = {
			isa = PBXSourcesBuildPhase;
			buildActionMask = 2147483647;
			files = (
				94A0A9172C7096EA00C8CA5A /* SettingsView.swift in Sources */,
				94A0A8E12C70871C00C8CA5A /* ContentView.swift in Sources */,
				94A0A91F2C709FD000C8CA5A /* CustomListRowView.swift in Sources */,
				94A0A91B2C709B1000C8CA5A /* CustomCircleView.swift in Sources */,
				94A0A90A2C708A7B00C8CA5A /* CardView.swift in Sources */,
				94A0A8DF2C70871C00C8CA5A /* HikeAppApp.swift in Sources */,
				94A0A9152C7096AA00C8CA5A /* CustomButtonView.swift in Sources */,
				94A0A9102C708B7300C8CA5A /* CustomBackgroundView.swift in Sources */,
				94A0A9132C70916200C8CA5A /* ColorExtension.swift in Sources */,
				94A0A9192C70988600C8CA5A /* GradientButtonStyle.swift in Sources */,
				94A0A91D2C709C3B00C8CA5A /* MotionAnimationView.swift in Sources */,
			);
			runOnlyForDeploymentPostprocessing = 0;
		};
		94A0A8E82C70871D00C8CA5A /* Sources */ = {
			isa = PBXSourcesBuildPhase;
			buildActionMask = 2147483647;
			files = (
				94A0A8F12C70871D00C8CA5A /* HikeAppTests.swift in Sources */,
			);
			runOnlyForDeploymentPostprocessing = 0;
		};
		94A0A8F22C70871D00C8CA5A /* Sources */ = {
			isa = PBXSourcesBuildPhase;
			buildActionMask = 2147483647;
			files = (
				94A0A8FB2C70871D00C8CA5A /* HikeAppUITests.swift in Sources */,
				94A0A8FD2C70871D00C8CA5A /* HikeAppUITestsLaunchTests.swift in Sources */,
			);
			runOnlyForDeploymentPostprocessing = 0;
		};
/* End PBXSourcesBuildPhase section */

/* Begin PBXTargetDependency section */
		94A0A8EE2C70871D00C8CA5A /* PBXTargetDependency */ = {
			isa = PBXTargetDependency;
			target = 94A0A8DA2C70871C00C8CA5A /* HikeApp */;
			targetProxy = 94A0A8ED2C70871D00C8CA5A /* PBXContainerItemProxy */;
		};
		94A0A8F82C70871D00C8CA5A /* PBXTargetDependency */ = {
			isa = PBXTargetDependency;
			target = 94A0A8DA2C70871C00C8CA5A /* HikeApp */;
			targetProxy = 94A0A8F72C70871D00C8CA5A /* PBXContainerItemProxy */;
		};
/* End PBXTargetDependency section */

/* Begin XCBuildConfiguration section */
		94A0A8FE2C70871D00C8CA5A /* Debug */ = {
			isa = XCBuildConfiguration;
			buildSettings = {
				ALWAYS_SEARCH_USER_PATHS = NO;
				ASSETCATALOG_COMPILER_GENERATE_SWIFT_ASSET_SYMBOL_EXTENSIONS = YES;
				CLANG_ANALYZER_NONNULL = YES;
				CLANG_ANALYZER_NUMBER_OBJECT_CONVERSION = YES_AGGRESSIVE;
				CLANG_CXX_LANGUAGE_STANDARD = "gnu++20";
				CLANG_ENABLE_MODULES = YES;
				CLANG_ENABLE_OBJC_ARC = YES;
				CLANG_ENABLE_OBJC_WEAK = YES;
				CLANG_WARN_BLOCK_CAPTURE_AUTORELEASING = YES;
				CLANG_WARN_BOOL_CONVERSION = YES;
				CLANG_WARN_COMMA = YES;
				CLANG_WARN_CONSTANT_CONVERSION = YES;
				CLANG_WARN_DEPRECATED_OBJC_IMPLEMENTATIONS = YES;
				CLANG_WARN_DIRECT_OBJC_ISA_USAGE = YES_ERROR;
				CLANG_WARN_DOCUMENTATION_COMMENTS = YES;
				CLANG_WARN_EMPTY_BODY = YES;
				CLANG_WARN_ENUM_CONVERSION = YES;
				CLANG_WARN_INFINITE_RECURSION = YES;
				CLANG_WARN_INT_CONVERSION = YES;
				CLANG_WARN_NON_LITERAL_NULL_CONVERSION = YES;
				CLANG_WARN_OBJC_IMPLICIT_RETAIN_SELF = YES;
				CLANG_WARN_OBJC_LITERAL_CONVERSION = YES;
				CLANG_WARN_OBJC_ROOT_CLASS = YES_ERROR;
				CLANG_WARN_QUOTED_INCLUDE_IN_FRAMEWORK_HEADER = YES;
				CLANG_WARN_RANGE_LOOP_ANALYSIS = YES;
				CLANG_WARN_STRICT_PROTOTYPES = YES;
				CLANG_WARN_SUSPICIOUS_MOVE = YES;
				CLANG_WARN_UNGUARDED_AVAILABILITY = YES_AGGRESSIVE;
				CLANG_WARN_UNREACHABLE_CODE = YES;
				CLANG_WARN__DUPLICATE_METHOD_MATCH = YES;
				COPY_PHASE_STRIP = NO;
				DEBUG_INFORMATION_FORMAT = dwarf;
				ENABLE_STRICT_OBJC_MSGSEND = YES;
				ENABLE_TESTABILITY = YES;
				ENABLE_USER_SCRIPT_SANDBOXING = YES;
				GCC_C_LANGUAGE_STANDARD = gnu17;
				GCC_DYNAMIC_NO_PIC = NO;
				GCC_NO_COMMON_BLOCKS = YES;
				GCC_OPTIMIZATION_LEVEL = 0;
				GCC_PREPROCESSOR_DEFINITIONS = (
					"DEBUG=1",
					"$(inherited)",
				);
				GCC_WARN_64_TO_32_BIT_CONVERSION = YES;
				GCC_WARN_ABOUT_RETURN_TYPE = YES_ERROR;
				GCC_WARN_UNDECLARED_SELECTOR = YES;
				GCC_WARN_UNINITIALIZED_AUTOS = YES_AGGRESSIVE;
				GCC_WARN_UNUSED_FUNCTION = YES;
				GCC_WARN_UNUSED_VARIABLE = YES;
				LOCALIZATION_PREFERS_STRING_CATALOGS = YES;
				MTL_ENABLE_DEBUG_INFO = INCLUDE_SOURCE;
				MTL_FAST_MATH = YES;
				ONLY_ACTIVE_ARCH = YES;
				SWIFT_ACTIVE_COMPILATION_CONDITIONS = "DEBUG $(inherited)";
				SWIFT_OPTIMIZATION_LEVEL = "-Onone";
			};
			name = Debug;
		};
		94A0A8FF2C70871D00C8CA5A /* Release */ = {
			isa = XCBuildConfiguration;
			buildSettings = {
				ALWAYS_SEARCH_USER_PATHS = NO;
				ASSETCATALOG_COMPILER_GENERATE_SWIFT_ASSET_SYMBOL_EXTENSIONS = YES;
				CLANG_ANALYZER_NONNULL = YES;
				CLANG_ANALYZER_NUMBER_OBJECT_CONVERSION = YES_AGGRESSIVE;
				CLANG_CXX_LANGUAGE_STANDARD = "gnu++20";
				CLANG_ENABLE_MODULES = YES;
				CLANG_ENABLE_OBJC_ARC = YES;
				CLANG_ENABLE_OBJC_WEAK = YES;
				CLANG_WARN_BLOCK_CAPTURE_AUTORELEASING = YES;
				CLANG_WARN_BOOL_CONVERSION = YES;
				CLANG_WARN_COMMA = YES;
				CLANG_WARN_CONSTANT_CONVERSION = YES;
				CLANG_WARN_DEPRECATED_OBJC_IMPLEMENTATIONS = YES;
				CLANG_WARN_DIRECT_OBJC_ISA_USAGE = YES_ERROR;
				CLANG_WARN_DOCUMENTATION_COMMENTS = YES;
				CLANG_WARN_EMPTY_BODY = YES;
				CLANG_WARN_ENUM_CONVERSION = YES;
				CLANG_WARN_INFINITE_RECURSION = YES;
				CLANG_WARN_INT_CONVERSION = YES;
				CLANG_WARN_NON_LITERAL_NULL_CONVERSION = YES;
				CLANG_WARN_OBJC_IMPLICIT_RETAIN_SELF = YES;
				CLANG_WARN_OBJC_LITERAL_CONVERSION = YES;
				CLANG_WARN_OBJC_ROOT_CLASS = YES_ERROR;
				CLANG_WARN_QUOTED_INCLUDE_IN_FRAMEWORK_HEADER = YES;
				CLANG_WARN_RANGE_LOOP_ANALYSIS = YES;
				CLANG_WARN_STRICT_PROTOTYPES = YES;
				CLANG_WARN_SUSPICIOUS_MOVE = YES;
				CLANG_WARN_UNGUARDED_AVAILABILITY = YES_AGGRESSIVE;
				CLANG_WARN_UNREACHABLE_CODE = YES;
				CLANG_WARN__DUPLICATE_METHOD_MATCH = YES;
				COPY_PHASE_STRIP = NO;
				DEBUG_INFORMATION_FORMAT = "dwarf-with-dsym";
				ENABLE_NS_ASSERTIONS = NO;
				ENABLE_STRICT_OBJC_MSGSEND = YES;
				ENABLE_USER_SCRIPT_SANDBOXING = YES;
				GCC_C_LANGUAGE_STANDARD = gnu17;
				GCC_NO_COMMON_BLOCKS = YES;
				GCC_WARN_64_TO_32_BIT_CONVERSION = YES;
				GCC_WARN_ABOUT_RETURN_TYPE = YES_ERROR;
				GCC_WARN_UNDECLARED_SELECTOR = YES;
				GCC_WARN_UNINITIALIZED_AUTOS = YES_AGGRESSIVE;
				GCC_WARN_UNUSED_FUNCTION = YES;
				GCC_WARN_UNUSED_VARIABLE = YES;
				LOCALIZATION_PREFERS_STRING_CATALOGS = YES;
				MTL_ENABLE_DEBUG_INFO = NO;
				MTL_FAST_MATH = YES;
				SWIFT_COMPILATION_MODE = wholemodule;
			};
			name = Release;
		};
		94A0A9012C70871D00C8CA5A /* Debug */ = {
			isa = XCBuildConfiguration;
			buildSettings = {
				ASSETCATALOG_COMPILER_ALTERNATE_APPICON_NAMES = "AppIcon-MagnifyingGlass AppIcon-Map AppIcon-Campfire AppIcon-Backpack AppIcon-Camera AppIcon-Mushroom";
				ASSETCATALOG_COMPILER_APPICON_NAME = AppIcon;
				ASSETCATALOG_COMPILER_GLOBAL_ACCENT_COLOR_NAME = AccentColor;
				ASSETCATALOG_COMPILER_INCLUDE_ALL_APPICON_ASSETS = YES;
				CODE_SIGN_ENTITLEMENTS = HikeApp/HikeApp.entitlements;
				CODE_SIGN_STYLE = Automatic;
				CURRENT_PROJECT_VERSION = 1;
				DEVELOPMENT_ASSET_PATHS = "\"HikeApp/Preview Content\"";
				ENABLE_PREVIEWS = YES;
				GENERATE_INFOPLIST_FILE = YES;
				"INFOPLIST_KEY_UIApplicationSceneManifest_Generation[sdk=iphoneos*]" = YES;
				"INFOPLIST_KEY_UIApplicationSceneManifest_Generation[sdk=iphonesimulator*]" = YES;
				"INFOPLIST_KEY_UIApplicationSupportsIndirectInputEvents[sdk=iphoneos*]" = YES;
				"INFOPLIST_KEY_UIApplicationSupportsIndirectInputEvents[sdk=iphonesimulator*]" = YES;
				"INFOPLIST_KEY_UILaunchScreen_Generation[sdk=iphoneos*]" = YES;
				"INFOPLIST_KEY_UILaunchScreen_Generation[sdk=iphonesimulator*]" = YES;
				"INFOPLIST_KEY_UIStatusBarStyle[sdk=iphoneos*]" = UIStatusBarStyleDefault;
				"INFOPLIST_KEY_UIStatusBarStyle[sdk=iphonesimulator*]" = UIStatusBarStyleDefault;
				INFOPLIST_KEY_UISupportedInterfaceOrientations_iPad = "UIInterfaceOrientationPortrait UIInterfaceOrientationPortraitUpsideDown UIInterfaceOrientationLandscapeLeft UIInterfaceOrientationLandscapeRight";
				INFOPLIST_KEY_UISupportedInterfaceOrientations_iPhone = "UIInterfaceOrientationPortrait UIInterfaceOrientationLandscapeLeft UIInterfaceOrientationLandscapeRight";
				IPHONEOS_DEPLOYMENT_TARGET = 17.5;
				LD_RUNPATH_SEARCH_PATHS = "@executable_path/Frameworks";
				"LD_RUNPATH_SEARCH_PATHS[sdk=macosx*]" = "@executable_path/../Frameworks";
				MACOSX_DEPLOYMENT_TARGET = 14.5;
				MARKETING_VERSION = 1.0;
				PRODUCT_BUNDLE_IDENTIFIER = com.scorp.HikeApp;
				PRODUCT_NAME = "$(TARGET_NAME)";
				SDKROOT = auto;
				SUPPORTED_PLATFORMS = "iphoneos iphonesimulator macosx";
				SWIFT_EMIT_LOC_STRINGS = YES;
				SWIFT_VERSION = 5.0;
				TARGETED_DEVICE_FAMILY = "1,2";
			};
			name = Debug;
		};
		94A0A9022C70871D00C8CA5A /* Release */ = {
			isa = XCBuildConfiguration;
			buildSettings = {
				ASSETCATALOG_COMPILER_ALTERNATE_APPICON_NAMES = "AppIcon-MagnifyingGlass AppIcon-Map AppIcon-Campfire AppIcon-Backpack AppIcon-Camera AppIcon-Mushroom";
				ASSETCATALOG_COMPILER_APPICON_NAME = AppIcon;
				ASSETCATALOG_COMPILER_GLOBAL_ACCENT_COLOR_NAME = AccentColor;
				ASSETCATALOG_COMPILER_INCLUDE_ALL_APPICON_ASSETS = YES;
				CODE_SIGN_ENTITLEMENTS = HikeApp/HikeApp.entitlements;
				CODE_SIGN_STYLE = Automatic;
				CURRENT_PROJECT_VERSION = 1;
				DEVELOPMENT_ASSET_PATHS = "\"HikeApp/Preview Content\"";
				ENABLE_PREVIEWS = YES;
				GENERATE_INFOPLIST_FILE = YES;
				"INFOPLIST_KEY_UIApplicationSceneManifest_Generation[sdk=iphoneos*]" = YES;
				"INFOPLIST_KEY_UIApplicationSceneManifest_Generation[sdk=iphonesimulator*]" = YES;
				"INFOPLIST_KEY_UIApplicationSupportsIndirectInputEvents[sdk=iphoneos*]" = YES;
				"INFOPLIST_KEY_UIApplicationSupportsIndirectInputEvents[sdk=iphonesimulator*]" = YES;
				"INFOPLIST_KEY_UILaunchScreen_Generation[sdk=iphoneos*]" = YES;
				"INFOPLIST_KEY_UILaunchScreen_Generation[sdk=iphonesimulator*]" = YES;
				"INFOPLIST_KEY_UIStatusBarStyle[sdk=iphoneos*]" = UIStatusBarStyleDefault;
				"INFOPLIST_KEY_UIStatusBarStyle[sdk=iphonesimulator*]" = UIStatusBarStyleDefault;
				INFOPLIST_KEY_UISupportedInterfaceOrientations_iPad = "UIInterfaceOrientationPortrait UIInterfaceOrientationPortraitUpsideDown UIInterfaceOrientationLandscapeLeft UIInterfaceOrientationLandscapeRight";
				INFOPLIST_KEY_UISupportedInterfaceOrientations_iPhone = "UIInterfaceOrientationPortrait UIInterfaceOrientationLandscapeLeft UIInterfaceOrientationLandscapeRight";
				IPHONEOS_DEPLOYMENT_TARGET = 17.5;
				LD_RUNPATH_SEARCH_PATHS = "@executable_path/Frameworks";
				"LD_RUNPATH_SEARCH_PATHS[sdk=macosx*]" = "@executable_path/../Frameworks";
				MACOSX_DEPLOYMENT_TARGET = 14.5;
				MARKETING_VERSION = 1.0;
				PRODUCT_BUNDLE_IDENTIFIER = com.scorp.HikeApp;
				PRODUCT_NAME = "$(TARGET_NAME)";
				SDKROOT = auto;
				SUPPORTED_PLATFORMS = "iphoneos iphonesimulator macosx";
				SWIFT_EMIT_LOC_STRINGS = YES;
				SWIFT_VERSION = 5.0;
				TARGETED_DEVICE_FAMILY = "1,2";
			};
			name = Release;
		};
		94A0A9042C70871D00C8CA5A /* Debug */ = {
			isa = XCBuildConfiguration;
			buildSettings = {
				ALWAYS_EMBED_SWIFT_STANDARD_LIBRARIES = YES;
				BUNDLE_LOADER = "$(TEST_HOST)";
				CODE_SIGN_STYLE = Automatic;
				CURRENT_PROJECT_VERSION = 1;
				GENERATE_INFOPLIST_FILE = YES;
				IPHONEOS_DEPLOYMENT_TARGET = 17.5;
				MACOSX_DEPLOYMENT_TARGET = 14.5;
				MARKETING_VERSION = 1.0;
				PRODUCT_BUNDLE_IDENTIFIER = com.scorp.HikeAppTests;
				PRODUCT_NAME = "$(TARGET_NAME)";
				SDKROOT = auto;
				SUPPORTED_PLATFORMS = "iphoneos iphonesimulator macosx";
				SWIFT_EMIT_LOC_STRINGS = NO;
				SWIFT_VERSION = 5.0;
				TARGETED_DEVICE_FAMILY = "1,2";
				TEST_HOST = "$(BUILT_PRODUCTS_DIR)/HikeApp.app/$(BUNDLE_EXECUTABLE_FOLDER_PATH)/HikeApp";
			};
			name = Debug;
		};
		94A0A9052C70871D00C8CA5A /* Release */ = {
			isa = XCBuildConfiguration;
			buildSettings = {
				ALWAYS_EMBED_SWIFT_STANDARD_LIBRARIES = YES;
				BUNDLE_LOADER = "$(TEST_HOST)";
				CODE_SIGN_STYLE = Automatic;
				CURRENT_PROJECT_VERSION = 1;
				GENERATE_INFOPLIST_FILE = YES;
				IPHONEOS_DEPLOYMENT_TARGET = 17.5;
				MACOSX_DEPLOYMENT_TARGET = 14.5;
				MARKETING_VERSION = 1.0;
				PRODUCT_BUNDLE_IDENTIFIER = com.scorp.HikeAppTests;
				PRODUCT_NAME = "$(TARGET_NAME)";
				SDKROOT = auto;
				SUPPORTED_PLATFORMS = "iphoneos iphonesimulator macosx";
				SWIFT_EMIT_LOC_STRINGS = NO;
				SWIFT_VERSION = 5.0;
				TARGETED_DEVICE_FAMILY = "1,2";
				TEST_HOST = "$(BUILT_PRODUCTS_DIR)/HikeApp.app/$(BUNDLE_EXECUTABLE_FOLDER_PATH)/HikeApp";
			};
			name = Release;
		};
		94A0A9072C70871D00C8CA5A /* Debug */ = {
			isa = XCBuildConfiguration;
			buildSettings = {
				ALWAYS_EMBED_SWIFT_STANDARD_LIBRARIES = YES;
				CODE_SIGN_STYLE = Automatic;
				CURRENT_PROJECT_VERSION = 1;
				GENERATE_INFOPLIST_FILE = YES;
				IPHONEOS_DEPLOYMENT_TARGET = 17.5;
				MACOSX_DEPLOYMENT_TARGET = 14.5;
				MARKETING_VERSION = 1.0;
				PRODUCT_BUNDLE_IDENTIFIER = com.scorp.HikeAppUITests;
				PRODUCT_NAME = "$(TARGET_NAME)";
				SDKROOT = auto;
				SUPPORTED_PLATFORMS = "iphoneos iphonesimulator macosx";
				SWIFT_EMIT_LOC_STRINGS = NO;
				SWIFT_VERSION = 5.0;
				TARGETED_DEVICE_FAMILY = "1,2";
				TEST_TARGET_NAME = HikeApp;
			};
			name = Debug;
		};
		94A0A9082C70871D00C8CA5A /* Release */ = {
			isa = XCBuildConfiguration;
			buildSettings = {
				ALWAYS_EMBED_SWIFT_STANDARD_LIBRARIES = YES;
				CODE_SIGN_STYLE = Automatic;
				CURRENT_PROJECT_VERSION = 1;
				GENERATE_INFOPLIST_FILE = YES;
				IPHONEOS_DEPLOYMENT_TARGET = 17.5;
				MACOSX_DEPLOYMENT_TARGET = 14.5;
				MARKETING_VERSION = 1.0;
				PRODUCT_BUNDLE_IDENTIFIER = com.scorp.HikeAppUITests;
				PRODUCT_NAME = "$(TARGET_NAME)";
				SDKROOT = auto;
				SUPPORTED_PLATFORMS = "iphoneos iphonesimulator macosx";
				SWIFT_EMIT_LOC_STRINGS = NO;
				SWIFT_VERSION = 5.0;
				TARGETED_DEVICE_FAMILY = "1,2";
				TEST_TARGET_NAME = HikeApp;
			};
			name = Release;
		};
/* End XCBuildConfiguration section */

/* Begin XCConfigurationList section */
		94A0A8D62C70871C00C8CA5A /* Build configuration list for PBXProject "HikeApp" */ = {
			isa = XCConfigurationList;
			buildConfigurations = (
				94A0A8FE2C70871D00C8CA5A /* Debug */,
				94A0A8FF2C70871D00C8CA5A /* Release */,
			);
			defaultConfigurationIsVisible = 0;
			defaultConfigurationName = Release;
		};
		94A0A9002C70871D00C8CA5A /* Build configuration list for PBXNativeTarget "HikeApp" */ = {
			isa = XCConfigurationList;
			buildConfigurations = (
				94A0A9012C70871D00C8CA5A /* Debug */,
				94A0A9022C70871D00C8CA5A /* Release */,
			);
			defaultConfigurationIsVisible = 0;
			defaultConfigurationName = Release;
		};
		94A0A9032C70871D00C8CA5A /* Build configuration list for PBXNativeTarget "HikeAppTests" */ = {
			isa = XCConfigurationList;
			buildConfigurations = (
				94A0A9042C70871D00C8CA5A /* Debug */,
				94A0A9052C70871D00C8CA5A /* Release */,
			);
			defaultConfigurationIsVisible = 0;
			defaultConfigurationName = Release;
		};
		94A0A9062C70871D00C8CA5A /* Build configuration list for PBXNativeTarget "HikeAppUITests" */ = {
			isa = XCConfigurationList;
			buildConfigurations = (
				94A0A9072C70871D00C8CA5A /* Debug */,
				94A0A9082C70871D00C8CA5A /* Release */,
			);
			defaultConfigurationIsVisible = 0;
			defaultConfigurationName = Release;
		};
/* End XCConfigurationList section */
	};
	rootObject = 94A0A8D32C70871C00C8CA5A /* Project object */;
}
